// !$*UTF8*$!
{
	archiveVersion = 1;
	classes = {
	};
	objectVersion = 55;
	objects = {

/* Begin PBXBuildFile section */
		324833C1291FD087009CB080 /* ProfViewController.swift in Sources */ = {isa = PBXBuildFile; fileRef = 324833C0291FD087009CB080 /* ProfViewController.swift */; };
		324833C3291FD23D009CB080 /* activeModel.swift in Sources */ = {isa = PBXBuildFile; fileRef = 324833C2291FD23D009CB080 /* activeModel.swift */; };
		324833C5291FD2C2009CB080 /* activeCollectionViewCell.swift in Sources */ = {isa = PBXBuildFile; fileRef = 324833C4291FD2C2009CB080 /* activeCollectionViewCell.swift */; };
		324833C7291FD2D9009CB080 /* ActiveCollectionView.swift in Sources */ = {isa = PBXBuildFile; fileRef = 324833C6291FD2D9009CB080 /* ActiveCollectionView.swift */; };
		324833C9291FD4E2009CB080 /* ChatViewController.swift in Sources */ = {isa = PBXBuildFile; fileRef = 324833C8291FD4E2009CB080 /* ChatViewController.swift */; };
		324833CB29202114009CB080 /* ContainerEnterViewController.swift in Sources */ = {isa = PBXBuildFile; fileRef = 324833CA29202114009CB080 /* ContainerEnterViewController.swift */; };
		324833CD29204A9A009CB080 /* RegisterControllerViewController.swift in Sources */ = {isa = PBXBuildFile; fileRef = 324833CC29204A9A009CB080 /* RegisterControllerViewController.swift */; };
		32858FDE291EB6B2009B9222 /* AppDelegate.swift in Sources */ = {isa = PBXBuildFile; fileRef = 32858FDD291EB6B2009B9222 /* AppDelegate.swift */; };
		32858FE0291EB6B2009B9222 /* SceneDelegate.swift in Sources */ = {isa = PBXBuildFile; fileRef = 32858FDF291EB6B2009B9222 /* SceneDelegate.swift */; };
		32858FE2291EB6B2009B9222 /* ViewController.swift in Sources */ = {isa = PBXBuildFile; fileRef = 32858FE1291EB6B2009B9222 /* ViewController.swift */; };
		32858FE5291EB6B2009B9222 /* Main.storyboard in Resources */ = {isa = PBXBuildFile; fileRef = 32858FE3291EB6B2009B9222 /* Main.storyboard */; };
		32858FE7291EB6B3009B9222 /* Assets.xcassets in Resources */ = {isa = PBXBuildFile; fileRef = 32858FE6291EB6B3009B9222 /* Assets.xcassets */; };
		32858FEA291EB6B3009B9222 /* LaunchScreen.storyboard in Resources */ = {isa = PBXBuildFile; fileRef = 32858FE8291EB6B3009B9222 /* LaunchScreen.storyboard */; };
		32859012291EF976009B9222 /* ProfileViewController.swift in Sources */ = {isa = PBXBuildFile; fileRef = 32859011291EF976009B9222 /* ProfileViewController.swift */; };
/* End PBXBuildFile section */

/* Begin PBXFileReference section */
		324833C0291FD087009CB080 /* ProfViewController.swift */ = {isa = PBXFileReference; lastKnownFileType = sourcecode.swift; path = ProfViewController.swift; sourceTree = "<group>"; };
		324833C2291FD23D009CB080 /* activeModel.swift */ = {isa = PBXFileReference; lastKnownFileType = sourcecode.swift; path = activeModel.swift; sourceTree = "<group>"; };
		324833C4291FD2C2009CB080 /* activeCollectionViewCell.swift */ = {isa = PBXFileReference; lastKnownFileType = sourcecode.swift; path = activeCollectionViewCell.swift; sourceTree = "<group>"; };
		324833C6291FD2D9009CB080 /* ActiveCollectionView.swift */ = {isa = PBXFileReference; lastKnownFileType = sourcecode.swift; path = ActiveCollectionView.swift; sourceTree = "<group>"; };
		324833C8291FD4E2009CB080 /* ChatViewController.swift */ = {isa = PBXFileReference; lastKnownFileType = sourcecode.swift; path = ChatViewController.swift; sourceTree = "<group>"; };
		324833CA29202114009CB080 /* ContainerEnterViewController.swift */ = {isa = PBXFileReference; lastKnownFileType = sourcecode.swift; path = ContainerEnterViewController.swift; sourceTree = "<group>"; };
		324833CC29204A9A009CB080 /* RegisterControllerViewController.swift */ = {isa = PBXFileReference; lastKnownFileType = sourcecode.swift; path = RegisterControllerViewController.swift; sourceTree = "<group>"; };
		32858FDA291EB6B2009B9222 /* Hack&Change.app */ = {isa = PBXFileReference; explicitFileType = wrapper.application; includeInIndex = 0; path = "Hack&Change.app"; sourceTree = BUILT_PRODUCTS_DIR; };
		32858FDD291EB6B2009B9222 /* AppDelegate.swift */ = {isa = PBXFileReference; lastKnownFileType = sourcecode.swift; path = AppDelegate.swift; sourceTree = "<group>"; };
		32858FDF291EB6B2009B9222 /* SceneDelegate.swift */ = {isa = PBXFileReference; lastKnownFileType = sourcecode.swift; path = SceneDelegate.swift; sourceTree = "<group>"; };
		32858FE1291EB6B2009B9222 /* ViewController.swift */ = {isa = PBXFileReference; lastKnownFileType = sourcecode.swift; path = ViewController.swift; sourceTree = "<group>"; };
		32858FE4291EB6B2009B9222 /* Base */ = {isa = PBXFileReference; lastKnownFileType = file.storyboard; name = Base; path = Base.lproj/Main.storyboard; sourceTree = "<group>"; };
		32858FE6291EB6B3009B9222 /* Assets.xcassets */ = {isa = PBXFileReference; lastKnownFileType = folder.assetcatalog; path = Assets.xcassets; sourceTree = "<group>"; };
		32858FE9291EB6B3009B9222 /* Base */ = {isa = PBXFileReference; lastKnownFileType = file.storyboard; name = Base; path = Base.lproj/LaunchScreen.storyboard; sourceTree = "<group>"; };
		32858FEB291EB6B3009B9222 /* Info.plist */ = {isa = PBXFileReference; lastKnownFileType = text.plist.xml; path = Info.plist; sourceTree = "<group>"; };
		32859011291EF976009B9222 /* ProfileViewController.swift */ = {isa = PBXFileReference; lastKnownFileType = sourcecode.swift; path = ProfileViewController.swift; sourceTree = "<group>"; };
/* End PBXFileReference section */

/* Begin PBXFrameworksBuildPhase section */
		32858FD7291EB6B2009B9222 /* Frameworks */ = {
			isa = PBXFrameworksBuildPhase;
			buildActionMask = 2147483647;
			files = (
			);
			runOnlyForDeploymentPostprocessing = 0;
		};
/* End PBXFrameworksBuildPhase section */

/* Begin PBXGroup section */
		32858FD1291EB6B2009B9222 = {
			isa = PBXGroup;
			children = (
				32858FDC291EB6B2009B9222 /* Hack&Change */,
				32858FDB291EB6B2009B9222 /* Products */,
			);
			sourceTree = "<group>";
		};
		32858FDB291EB6B2009B9222 /* Products */ = {
			isa = PBXGroup;
			children = (
				32858FDA291EB6B2009B9222 /* Hack&Change.app */,
			);
			name = Products;
			sourceTree = "<group>";
		};
		32858FDC291EB6B2009B9222 /* Hack&Change */ = {
			isa = PBXGroup;
			children = (
				32858FDD291EB6B2009B9222 /* AppDelegate.swift */,
				32858FDF291EB6B2009B9222 /* SceneDelegate.swift */,
				32858FE1291EB6B2009B9222 /* ViewController.swift */,
				324833CC29204A9A009CB080 /* RegisterControllerViewController.swift */,
				32858FE3291EB6B2009B9222 /* Main.storyboard */,
				324833CA29202114009CB080 /* ContainerEnterViewController.swift */,
				324833C8291FD4E2009CB080 /* ChatViewController.swift */,
				32859011291EF976009B9222 /* ProfileViewController.swift */,
				324833C0291FD087009CB080 /* ProfViewController.swift */,
				324833C2291FD23D009CB080 /* activeModel.swift */,
				324833C4291FD2C2009CB080 /* activeCollectionViewCell.swift */,
				324833C6291FD2D9009CB080 /* ActiveCollectionView.swift */,
				32858FE6291EB6B3009B9222 /* Assets.xcassets */,
				32858FE8291EB6B3009B9222 /* LaunchScreen.storyboard */,
				32858FEB291EB6B3009B9222 /* Info.plist */,
			);
			path = "Hack&Change";
			sourceTree = "<group>";
		};
/* End PBXGroup section */

/* Begin PBXNativeTarget section */
		32858FD9291EB6B2009B9222 /* Hack&Change */ = {
			isa = PBXNativeTarget;
			buildConfigurationList = 32858FEE291EB6B3009B9222 /* Build configuration list for PBXNativeTarget "Hack&Change" */;
			buildPhases = (
				32858FD6291EB6B2009B9222 /* Sources */,
				32858FD7291EB6B2009B9222 /* Frameworks */,
				32858FD8291EB6B2009B9222 /* Resources */,
			);
			buildRules = (
			);
			dependencies = (
			);
			name = "Hack&Change";
			productName = "Hack&Change";
			productReference = 32858FDA291EB6B2009B9222 /* Hack&Change.app */;
			productType = "com.apple.product-type.application";
		};
/* End PBXNativeTarget section */

/* Begin PBXProject section */
		32858FD2291EB6B2009B9222 /* Project object */ = {
			isa = PBXProject;
			attributes = {
				BuildIndependentTargetsInParallel = 1;
				LastSwiftUpdateCheck = 1340;
				LastUpgradeCheck = 1340;
				TargetAttributes = {
					32858FD9291EB6B2009B9222 = {
						CreatedOnToolsVersion = 13.4.1;
					};
				};
			};
			buildConfigurationList = 32858FD5291EB6B2009B9222 /* Build configuration list for PBXProject "Hack&Change" */;
			compatibilityVersion = "Xcode 13.0";
			developmentRegion = en;
			hasScannedForEncodings = 0;
			knownRegions = (
				en,
				Base,
			);
			mainGroup = 32858FD1291EB6B2009B9222;
			productRefGroup = 32858FDB291EB6B2009B9222 /* Products */;
			projectDirPath = "";
			projectRoot = "";
			targets = (
				32858FD9291EB6B2009B9222 /* Hack&Change */,
			);
		};
/* End PBXProject section */

/* Begin PBXResourcesBuildPhase section */
		32858FD8291EB6B2009B9222 /* Resources */ = {
			isa = PBXResourcesBuildPhase;
			buildActionMask = 2147483647;
			files = (
				32858FEA291EB6B3009B9222 /* LaunchScreen.storyboard in Resources */,
				32858FE7291EB6B3009B9222 /* Assets.xcassets in Resources */,
				32858FE5291EB6B2009B9222 /* Main.storyboard in Resources */,
			);
			runOnlyForDeploymentPostprocessing = 0;
		};
/* End PBXResourcesBuildPhase section */

/* Begin PBXSourcesBuildPhase section */
		32858FD6291EB6B2009B9222 /* Sources */ = {
			isa = PBXSourcesBuildPhase;
			buildActionMask = 2147483647;
			files = (
				324833C7291FD2D9009CB080 /* ActiveCollectionView.swift in Sources */,
				32858FE2291EB6B2009B9222 /* ViewController.swift in Sources */,
				324833C5291FD2C2009CB080 /* activeCollectionViewCell.swift in Sources */,
				324833C3291FD23D009CB080 /* activeModel.swift in Sources */,
				32858FDE291EB6B2009B9222 /* AppDelegate.swift in Sources */,
				324833CB29202114009CB080 /* ContainerEnterViewController.swift in Sources */,
				324833CD29204A9A009CB080 /* RegisterControllerViewController.swift in Sources */,
				32859012291EF976009B9222 /* ProfileViewController.swift in Sources */,
				32858FE0291EB6B2009B9222 /* SceneDelegate.swift in Sources */,
				324833C9291FD4E2009CB080 /* ChatViewController.swift in Sources */,
				324833C1291FD087009CB080 /* ProfViewController.swift in Sources */,
			);
			runOnlyForDeploymentPostprocessing = 0;
		};
/* End PBXSourcesBuildPhase section */

/* Begin PBXVariantGroup section */
		32858FE3291EB6B2009B9222 /* Main.storyboard */ = {
			isa = PBXVariantGroup;
			children = (
				32858FE4291EB6B2009B9222 /* Base */,
			);
			name = Main.storyboard;
			sourceTree = "<group>";
		};
		32858FE8291EB6B3009B9222 /* LaunchScreen.storyboard */ = {
			isa = PBXVariantGroup;
			children = (
				32858FE9291EB6B3009B9222 /* Base */,
			);
			name = LaunchScreen.storyboard;
			sourceTree = "<group>";
		};
/* End PBXVariantGroup section */

/* Begin XCBuildConfiguration section */
		32858FEC291EB6B3009B9222 /* Debug */ = {
			isa = XCBuildConfiguration;
			buildSettings = {
				ALWAYS_SEARCH_USER_PATHS = NO;
				CLANG_ANALYZER_NONNULL = YES;
				CLANG_ANALYZER_NUMBER_OBJECT_CONVERSION = YES_AGGRESSIVE;
				CLANG_CXX_LANGUAGE_STANDARD = "gnu++17";
				CLANG_ENABLE_MODULES = YES;
				CLANG_ENABLE_OBJC_ARC = YES;
				CLANG_ENABLE_OBJC_WEAK = YES;
				CLANG_WARN_BLOCK_CAPTURE_AUTORELEASING = YES;
				CLANG_WARN_BOOL_CONVERSION = YES;
				CLANG_WARN_COMMA = YES;
				CLANG_WARN_CONSTANT_CONVERSION = YES;
				CLANG_WARN_DEPRECATED_OBJC_IMPLEMENTATIONS = YES;
				CLANG_WARN_DIRECT_OBJC_ISA_USAGE = YES_ERROR;
				CLANG_WARN_DOCUMENTATION_COMMENTS = YES;
				CLANG_WARN_EMPTY_BODY = YES;
				CLANG_WARN_ENUM_CONVERSION = YES;
				CLANG_WARN_INFINITE_RECURSION = YES;
				CLANG_WARN_INT_CONVERSION = YES;
				CLANG_WARN_NON_LITERAL_NULL_CONVERSION = YES;
				CLANG_WARN_OBJC_IMPLICIT_RETAIN_SELF = YES;
				CLANG_WARN_OBJC_LITERAL_CONVERSION = YES;
				CLANG_WARN_OBJC_ROOT_CLASS = YES_ERROR;
				CLANG_WARN_QUOTED_INCLUDE_IN_FRAMEWORK_HEADER = YES;
				CLANG_WARN_RANGE_LOOP_ANALYSIS = YES;
				CLANG_WARN_STRICT_PROTOTYPES = YES;
				CLANG_WARN_SUSPICIOUS_MOVE = YES;
				CLANG_WARN_UNGUARDED_AVAILABILITY = YES_AGGRESSIVE;
				CLANG_WARN_UNREACHABLE_CODE = YES;
				CLANG_WARN__DUPLICATE_METHOD_MATCH = YES;
				COPY_PHASE_STRIP = NO;
				DEBUG_INFORMATION_FORMAT = dwarf;
				ENABLE_STRICT_OBJC_MSGSEND = YES;
				ENABLE_TESTABILITY = YES;
				GCC_C_LANGUAGE_STANDARD = gnu11;
				GCC_DYNAMIC_NO_PIC = NO;
				GCC_NO_COMMON_BLOCKS = YES;
				GCC_OPTIMIZATION_LEVEL = 0;
				GCC_PREPROCESSOR_DEFINITIONS = (
					"DEBUG=1",
					"$(inherited)",
				);
				GCC_WARN_64_TO_32_BIT_CONVERSION = YES;
				GCC_WARN_ABOUT_RETURN_TYPE = YES_ERROR;
				GCC_WARN_UNDECLARED_SELECTOR = YES;
				GCC_WARN_UNINITIALIZED_AUTOS = YES_AGGRESSIVE;
				GCC_WARN_UNUSED_FUNCTION = YES;
				GCC_WARN_UNUSED_VARIABLE = YES;
				IPHONEOS_DEPLOYMENT_TARGET = 15.5;
				MTL_ENABLE_DEBUG_INFO = INCLUDE_SOURCE;
				MTL_FAST_MATH = YES;
				ONLY_ACTIVE_ARCH = YES;
				SDKROOT = iphoneos;
				SWIFT_ACTIVE_COMPILATION_CONDITIONS = DEBUG;
				SWIFT_OPTIMIZATION_LEVEL = "-Onone";
			};
			name = Debug;
		};
		32858FED291EB6B3009B9222 /* Release */ = {
			isa = XCBuildConfiguration;
			buildSettings = {
				ALWAYS_SEARCH_USER_PATHS = NO;
				CLANG_ANALYZER_NONNULL = YES;
				CLANG_ANALYZER_NUMBER_OBJECT_CONVERSION = YES_AGGRESSIVE;
				CLANG_CXX_LANGUAGE_STANDARD = "gnu++17";
				CLANG_ENABLE_MODULES = YES;
				CLANG_ENABLE_OBJC_ARC = YES;
				CLANG_ENABLE_OBJC_WEAK = YES;
				CLANG_WARN_BLOCK_CAPTURE_AUTORELEASING = YES;
				CLANG_WARN_BOOL_CONVERSION = YES;
				CLANG_WARN_COMMA = YES;
				CLANG_WARN_CONSTANT_CONVERSION = YES;
				CLANG_WARN_DEPRECATED_OBJC_IMPLEMENTATIONS = YES;
				CLANG_WARN_DIRECT_OBJC_ISA_USAGE = YES_ERROR;
				CLANG_WARN_DOCUMENTATION_COMMENTS = YES;
				CLANG_WARN_EMPTY_BODY = YES;
				CLANG_WARN_ENUM_CONVERSION = YES;
				CLANG_WARN_INFINITE_RECURSION = YES;
				CLANG_WARN_INT_CONVERSION = YES;
				CLANG_WARN_NON_LITERAL_NULL_CONVERSION = YES;
				CLANG_WARN_OBJC_IMPLICIT_RETAIN_SELF = YES;
				CLANG_WARN_OBJC_LITERAL_CONVERSION = YES;
				CLANG_WARN_OBJC_ROOT_CLASS = YES_ERROR;
				CLANG_WARN_QUOTED_INCLUDE_IN_FRAMEWORK_HEADER = YES;
				CLANG_WARN_RANGE_LOOP_ANALYSIS = YES;
				CLANG_WARN_STRICT_PROTOTYPES = YES;
				CLANG_WARN_SUSPICIOUS_MOVE = YES;
				CLANG_WARN_UNGUARDED_AVAILABILITY = YES_AGGRESSIVE;
				CLANG_WARN_UNREACHABLE_CODE = YES;
				CLANG_WARN__DUPLICATE_METHOD_MATCH = YES;
				COPY_PHASE_STRIP = NO;
				DEBUG_INFORMATION_FORMAT = "dwarf-with-dsym";
				ENABLE_NS_ASSERTIONS = NO;
				ENABLE_STRICT_OBJC_MSGSEND = YES;
				GCC_C_LANGUAGE_STANDARD = gnu11;
				GCC_NO_COMMON_BLOCKS = YES;
				GCC_WARN_64_TO_32_BIT_CONVERSION = YES;
				GCC_WARN_ABOUT_RETURN_TYPE = YES_ERROR;
				GCC_WARN_UNDECLARED_SELECTOR = YES;
				GCC_WARN_UNINITIALIZED_AUTOS = YES_AGGRESSIVE;
				GCC_WARN_UNUSED_FUNCTION = YES;
				GCC_WARN_UNUSED_VARIABLE = YES;
				IPHONEOS_DEPLOYMENT_TARGET = 15.5;
				MTL_ENABLE_DEBUG_INFO = NO;
				MTL_FAST_MATH = YES;
				SDKROOT = iphoneos;
				SWIFT_COMPILATION_MODE = wholemodule;
				SWIFT_OPTIMIZATION_LEVEL = "-O";
				VALIDATE_PRODUCT = YES;
			};
			name = Release;
		};
		32858FEF291EB6B3009B9222 /* Debug */ = {
			isa = XCBuildConfiguration;
			buildSettings = {
				ASSETCATALOG_COMPILER_APPICON_NAME = AppIcon;
				ASSETCATALOG_COMPILER_GLOBAL_ACCENT_COLOR_NAME = AccentColor;
				CODE_SIGN_STYLE = Automatic;
				CURRENT_PROJECT_VERSION = 1;
				DEVELOPMENT_TEAM = ZV23SB6J73;
				GENERATE_INFOPLIST_FILE = YES;
				INFOPLIST_FILE = "Hack&Change/Info.plist";
				INFOPLIST_KEY_UIApplicationSupportsIndirectInputEvents = YES;
				INFOPLIST_KEY_UILaunchStoryboardName = LaunchScreen;
				INFOPLIST_KEY_UIMainStoryboardFile = Main;
				INFOPLIST_KEY_UISupportedInterfaceOrientations_iPad = "UIInterfaceOrientationPortrait UIInterfaceOrientationPortraitUpsideDown UIInterfaceOrientationLandscapeLeft UIInterfaceOrientationLandscapeRight";
				INFOPLIST_KEY_UISupportedInterfaceOrientations_iPhone = "UIInterfaceOrientationPortrait UIInterfaceOrientationLandscapeLeft UIInterfaceOrientationLandscapeRight";
				LD_RUNPATH_SEARCH_PATHS = (
					"$(inherited)",
					"@executable_path/Frameworks",
				);
				MARKETING_VERSION = 1.0;
				PRODUCT_BUNDLE_IDENTIFIER = "maxim.Hack-Change";
				PRODUCT_NAME = "$(TARGET_NAME)";
				SWIFT_EMIT_LOC_STRINGS = YES;
				SWIFT_VERSION = 5.0;
				TARGETED_DEVICE_FAMILY = "1,2";
			};
			name = Debug;
		};
		32858FF0291EB6B3009B9222 /* Release */ = {
			isa = XCBuildConfiguration;
			buildSettings = {
				ASSETCATALOG_COMPILER_APPICON_NAME = AppIcon;
				ASSETCATALOG_COMPILER_GLOBAL_ACCENT_COLOR_NAME = AccentColor;
				CODE_SIGN_STYLE = Automatic;
				CURRENT_PROJECT_VERSION = 1;
				DEVELOPMENT_TEAM = ZV23SB6J73;
				GENERATE_INFOPLIST_FILE = YES;
				INFOPLIST_FILE = "Hack&Change/Info.plist";
				INFOPLIST_KEY_UIApplicationSupportsIndirectInputEvents = YES;
				INFOPLIST_KEY_UILaunchStoryboardName = LaunchScreen;
				INFOPLIST_KEY_UIMainStoryboardFile = Main;
				INFOPLIST_KEY_UISupportedInterfaceOrientations_iPad = "UIInterfaceOrientationPortrait UIInterfaceOrientationPortraitUpsideDown UIInterfaceOrientationLandscapeLeft UIInterfaceOrientationLandscapeRight";
				INFOPLIST_KEY_UISupportedInterfaceOrientations_iPhone = "UIInterfaceOrientationPortrait UIInterfaceOrientationLandscapeLeft UIInterfaceOrientationLandscapeRight";
				LD_RUNPATH_SEARCH_PATHS = (
					"$(inherited)",
					"@executable_path/Frameworks",
				);
				MARKETING_VERSION = 1.0;
				PRODUCT_BUNDLE_IDENTIFIER = "maxim.Hack-Change";
				PRODUCT_NAME = "$(TARGET_NAME)";
				SWIFT_EMIT_LOC_STRINGS = YES;
				SWIFT_VERSION = 5.0;
				TARGETED_DEVICE_FAMILY = "1,2";
			};
			name = Release;
		};
/* End XCBuildConfiguration section */

/* Begin XCConfigurationList section */
		32858FD5291EB6B2009B9222 /* Build configuration list for PBXProject "Hack&Change" */ = {
			isa = XCConfigurationList;
			buildConfigurations = (
				32858FEC291EB6B3009B9222 /* Debug */,
				32858FED291EB6B3009B9222 /* Release */,
			);
			defaultConfigurationIsVisible = 0;
			defaultConfigurationName = Release;
		};
		32858FEE291EB6B3009B9222 /* Build configuration list for PBXNativeTarget "Hack&Change" */ = {
			isa = XCConfigurationList;
			buildConfigurations = (
				32858FEF291EB6B3009B9222 /* Debug */,
				32858FF0291EB6B3009B9222 /* Release */,
			);
			defaultConfigurationIsVisible = 0;
			defaultConfigurationName = Release;
		};
/* End XCConfigurationList section */
	};
	rootObject = 32858FD2291EB6B2009B9222 /* Project object */;
}
